
Microsoft Visual Studio Solution File, Format Version 12.00
# Visual Studio 15
VisualStudioVersion = 15.0.28307.136
MinimumVisualStudioVersion = 10.0.40219.1
Project("{2150E333-8FDC-42A3-9474-1A3956D46DE8}") = "Microservices", "Microservices", "{23291FD4-7E66-4D60-8D6D-DC638AC41A04}"
EndProject
Project("{2150E333-8FDC-42A3-9474-1A3956D46DE8}") = "Domain", "Domain", "{3A1DA7E0-FD9A-466F-BE37-8AF67B99721A}"
	ProjectSection(SolutionItems) = preProject
		about.txt = about.txt
	EndProjectSection
EndProject
Project("{2150E333-8FDC-42A3-9474-1A3956D46DE8}") = "Infra.Bus", "Infra.Bus", "{8FBEFE8B-909D-402A-9C74-FDE7FEE5C11A}"
EndProject
Project("{2150E333-8FDC-42A3-9474-1A3956D46DE8}") = "Infra.IoC", "Infra.IoC", "{3E501773-9796-4A3D-AD11-79952D0CCB08}"
EndProject
Project("{2150E333-8FDC-42A3-9474-1A3956D46DE8}") = "Presentation", "Presentation", "{287E304F-B381-414B-81E7-1D869BC22F1F}"
EndProject
Project("{9A19103F-16F7-4668-BE54-9A1E7A4F7556}") = "MicroRabbit.Domain.Core", "MicroRabbit.Domain.Core\MicroRabbit.Domain.Core.csproj", "{AF2F01F1-2024-47C5-993E-A3E21749A6A7}"
EndProject
Project("{9A19103F-16F7-4668-BE54-9A1E7A4F7556}") = "MicroRabbit.Infra.Bus", "MicroRabbit.Infra.Bus\MicroRabbit.Infra.Bus.csproj", "{812EFBDC-AFE6-45D5-A014-71133222BD20}"
EndProject
Project("{9A19103F-16F7-4668-BE54-9A1E7A4F7556}") = "MicroRabbit.Infra.IoC", "MicroRabbit.Infra.IoC\MicroRabbit.Infra.IoC.csproj", "{26DA2013-E662-4563-BB42-D36CC371557D}"
EndProject
Project("{2150E333-8FDC-42A3-9474-1A3956D46DE8}") = "Banking", "Banking", "{7F88EF22-FDEF-43E6-AC71-0EA89C32D334}"
EndProject
Project("{2150E333-8FDC-42A3-9474-1A3956D46DE8}") = "Api", "Api", "{E95E1D34-175A-40C7-BEC8-E451CC366919}"
EndProject
Project("{2150E333-8FDC-42A3-9474-1A3956D46DE8}") = "Domain", "Domain", "{FC84FA46-87AC-4B52-997A-EBBD89393615}"
EndProject
Project("{2150E333-8FDC-42A3-9474-1A3956D46DE8}") = "Application", "Application", "{286BFBC4-2225-4FAF-B7AF-BE81D18B4FAB}"
EndProject
Project("{2150E333-8FDC-42A3-9474-1A3956D46DE8}") = "Data", "Data", "{A1B10FB2-37EA-4848-AADC-159801AFEB9A}"
EndProject
Project("{9A19103F-16F7-4668-BE54-9A1E7A4F7556}") = "MicroRabbit.Banking.Application", "MicroRabbit.Banking.Application\MicroRabbit.Banking.Application.csproj", "{26B536B4-0EC1-4080-B0FC-9E6E00F29015}"
EndProject
Project("{9A19103F-16F7-4668-BE54-9A1E7A4F7556}") = "MicroRabbit.Banking.Data", "MicroRabbit.Banking.Data\MicroRabbit.Banking.Data.csproj", "{0F320F7D-C8EC-472C-BC4C-14DB00824A22}"
EndProject
Project("{9A19103F-16F7-4668-BE54-9A1E7A4F7556}") = "MicroRabbit.Banking.Domain", "MicroRabbit.Banking.Domain\MicroRabbit.Banking.Domain.csproj", "{42737096-9981-4F8C-9560-E9866BA20E9A}"
EndProject
Project("{2150E333-8FDC-42A3-9474-1A3956D46DE8}") = "Transfer", "Transfer", "{DFD36D6B-FC8B-4A63-8EA0-EC2619E13A09}"
EndProject
Project("{2150E333-8FDC-42A3-9474-1A3956D46DE8}") = "Api", "Api", "{BD808359-312E-4CAD-B1C9-A55AE2D62AE1}"
EndProject
Project("{2150E333-8FDC-42A3-9474-1A3956D46DE8}") = "Application", "Application", "{8066A5E2-F3A3-4931-B81F-11E94659A68D}"
EndProject
Project("{2150E333-8FDC-42A3-9474-1A3956D46DE8}") = "Data", "Data", "{76FF7740-2272-4E1D-B24F-FA6C560FF0D9}"
EndProject
Project("{2150E333-8FDC-42A3-9474-1A3956D46DE8}") = "Domain", "Domain", "{FFA3AA4F-EE69-4CB9-A509-8B93B193B8AC}"
EndProject
Project("{9A19103F-16F7-4668-BE54-9A1E7A4F7556}") = "MicroRabbit.Banking.Api", "MicroRabbit.Banking.Api\MicroRabbit.Banking.Api.csproj", "{BD280A75-E521-45EA-A2AD-CD9D058EECB4}"
EndProject
Project("{9A19103F-16F7-4668-BE54-9A1E7A4F7556}") = "MicroRabbit.Transfer.Api", "MicroRabbit.Transfer.Api\MicroRabbit.Transfer.Api.csproj", "{DC0B9B2B-FE8B-4B7B-B0B6-B201910F464E}"
EndProject
Project("{9A19103F-16F7-4668-BE54-9A1E7A4F7556}") = "MicroRabbit.Transfer.Application", "MicroRabbit.Transfer.Application\MicroRabbit.Transfer.Application.csproj", "{41977A41-0A3B-449D-B2CE-BDE2909792D0}"
EndProject
Project("{9A19103F-16F7-4668-BE54-9A1E7A4F7556}") = "MicroRabbit.Transfer.Domain", "MicroRabbit.Transfer.Domain\MicroRabbit.Transfer.Domain.csproj", "{757A83B6-06D2-4F83-ADEB-69D27EEB4C79}"
EndProject
Project("{9A19103F-16F7-4668-BE54-9A1E7A4F7556}") = "MicroRabbit.Transfer.Data", "MicroRabbit.Transfer.Data\MicroRabbit.Transfer.Data.csproj", "{C6889FC9-1124-4F3A-8339-9B3432CB72C8}"
EndProject
Project("{FAE04EC0-301F-11D3-BF4B-00C04F79EFBC}") = "MicroRabbit.MVC", "MicroRabbit.MVC\MicroRabbit.MVC.csproj", "{B0609CA2-5D1A-46DA-8C94-D5685E65EC4C}"
EndProject
Global
	GlobalSection(SolutionConfigurationPlatforms) = preSolution
		Debug|Any CPU = Debug|Any CPU
		Release|Any CPU = Release|Any CPU
	EndGlobalSection
	GlobalSection(ProjectConfigurationPlatforms) = postSolution
		{AF2F01F1-2024-47C5-993E-A3E21749A6A7}.Debug|Any CPU.ActiveCfg = Debug|Any CPU
		{AF2F01F1-2024-47C5-993E-A3E21749A6A7}.Debug|Any CPU.Build.0 = Debug|Any CPU
		{AF2F01F1-2024-47C5-993E-A3E21749A6A7}.Release|Any CPU.ActiveCfg = Release|Any CPU
		{AF2F01F1-2024-47C5-993E-A3E21749A6A7}.Release|Any CPU.Build.0 = Release|Any CPU
		{812EFBDC-AFE6-45D5-A014-71133222BD20}.Debug|Any CPU.ActiveCfg = Debug|Any CPU
		{812EFBDC-AFE6-45D5-A014-71133222BD20}.Debug|Any CPU.Build.0 = Debug|Any CPU
		{812EFBDC-AFE6-45D5-A014-71133222BD20}.Release|Any CPU.ActiveCfg = Release|Any CPU
		{812EFBDC-AFE6-45D5-A014-71133222BD20}.Release|Any CPU.Build.0 = Release|Any CPU
		{26DA2013-E662-4563-BB42-D36CC371557D}.Debug|Any CPU.ActiveCfg = Debug|Any CPU
		{26DA2013-E662-4563-BB42-D36CC371557D}.Debug|Any CPU.Build.0 = Debug|Any CPU
		{26DA2013-E662-4563-BB42-D36CC371557D}.Release|Any CPU.ActiveCfg = Release|Any CPU
		{26DA2013-E662-4563-BB42-D36CC371557D}.Release|Any CPU.Build.0 = Release|Any CPU
		{26B536B4-0EC1-4080-B0FC-9E6E00F29015}.Debug|Any CPU.ActiveCfg = Debug|Any CPU
		{26B536B4-0EC1-4080-B0FC-9E6E00F29015}.Debug|Any CPU.Build.0 = Debug|Any CPU
		{26B536B4-0EC1-4080-B0FC-9E6E00F29015}.Release|Any CPU.ActiveCfg = Release|Any CPU
		{26B536B4-0EC1-4080-B0FC-9E6E00F29015}.Release|Any CPU.Build.0 = Release|Any CPU
		{0F320F7D-C8EC-472C-BC4C-14DB00824A22}.Debug|Any CPU.ActiveCfg = Debug|Any CPU
		{0F320F7D-C8EC-472C-BC4C-14DB00824A22}.Debug|Any CPU.Build.0 = Debug|Any CPU
		{0F320F7D-C8EC-472C-BC4C-14DB00824A22}.Release|Any CPU.ActiveCfg = Release|Any CPU
		{0F320F7D-C8EC-472C-BC4C-14DB00824A22}.Release|Any CPU.Build.0 = Release|Any CPU
		{42737096-9981-4F8C-9560-E9866BA20E9A}.Debug|Any CPU.ActiveCfg = Debug|Any CPU
		{42737096-9981-4F8C-9560-E9866BA20E9A}.Debug|Any CPU.Build.0 = Debug|Any CPU
		{42737096-9981-4F8C-9560-E9866BA20E9A}.Release|Any CPU.ActiveCfg = Release|Any CPU
		{42737096-9981-4F8C-9560-E9866BA20E9A}.Release|Any CPU.Build.0 = Release|Any CPU
		{BD280A75-E521-45EA-A2AD-CD9D058EECB4}.Debug|Any CPU.ActiveCfg = Debug|Any CPU
		{BD280A75-E521-45EA-A2AD-CD9D058EECB4}.Debug|Any CPU.Build.0 = Debug|Any CPU
		{BD280A75-E521-45EA-A2AD-CD9D058EECB4}.Release|Any CPU.ActiveCfg = Release|Any CPU
		{BD280A75-E521-45EA-A2AD-CD9D058EECB4}.Release|Any CPU.Build.0 = Release|Any CPU
		{DC0B9B2B-FE8B-4B7B-B0B6-B201910F464E}.Debug|Any CPU.ActiveCfg = Debug|Any CPU
		{DC0B9B2B-FE8B-4B7B-B0B6-B201910F464E}.Debug|Any CPU.Build.0 = Debug|Any CPU
		{DC0B9B2B-FE8B-4B7B-B0B6-B201910F464E}.Release|Any CPU.ActiveCfg = Release|Any CPU
		{DC0B9B2B-FE8B-4B7B-B0B6-B201910F464E}.Release|Any CPU.Build.0 = Release|Any CPU
		{41977A41-0A3B-449D-B2CE-BDE2909792D0}.Debug|Any CPU.ActiveCfg = Debug|Any CPU
		{41977A41-0A3B-449D-B2CE-BDE2909792D0}.Debug|Any CPU.Build.0 = Debug|Any CPU
		{41977A41-0A3B-449D-B2CE-BDE2909792D0}.Release|Any CPU.ActiveCfg = Release|Any CPU
		{41977A41-0A3B-449D-B2CE-BDE2909792D0}.Release|Any CPU.Build.0 = Release|Any CPU
		{757A83B6-06D2-4F83-ADEB-69D27EEB4C79}.Debug|Any CPU.ActiveCfg = Debug|Any CPU
		{757A83B6-06D2-4F83-ADEB-69D27EEB4C79}.Debug|Any CPU.Build.0 = Debug|Any CPU
		{757A83B6-06D2-4F83-ADEB-69D27EEB4C79}.Release|Any CPU.ActiveCfg = Release|Any CPU
		{757A83B6-06D2-4F83-ADEB-69D27EEB4C79}.Release|Any CPU.Build.0 = Release|Any CPU
		{C6889FC9-1124-4F3A-8339-9B3432CB72C8}.Debug|Any CPU.ActiveCfg = Debug|Any CPU
		{C6889FC9-1124-4F3A-8339-9B3432CB72C8}.Debug|Any CPU.Build.0 = Debug|Any CPU
		{C6889FC9-1124-4F3A-8339-9B3432CB72C8}.Release|Any CPU.ActiveCfg = Release|Any CPU
		{C6889FC9-1124-4F3A-8339-9B3432CB72C8}.Release|Any CPU.Build.0 = Release|Any CPU
		{B0609CA2-5D1A-46DA-8C94-D5685E65EC4C}.Debug|Any CPU.ActiveCfg = Debug|Any CPU
		{B0609CA2-5D1A-46DA-8C94-D5685E65EC4C}.Debug|Any CPU.Build.0 = Debug|Any CPU
		{B0609CA2-5D1A-46DA-8C94-D5685E65EC4C}.Release|Any CPU.ActiveCfg = Release|Any CPU
		{B0609CA2-5D1A-46DA-8C94-D5685E65EC4C}.Release|Any CPU.Build.0 = Release|Any CPU
	EndGlobalSection
	GlobalSection(SolutionProperties) = preSolution
		HideSolutionNode = FALSE
	EndGlobalSection
	GlobalSection(NestedProjects) = preSolution
		{AF2F01F1-2024-47C5-993E-A3E21749A6A7} = {3A1DA7E0-FD9A-466F-BE37-8AF67B99721A}
		{812EFBDC-AFE6-45D5-A014-71133222BD20} = {8FBEFE8B-909D-402A-9C74-FDE7FEE5C11A}
		{26DA2013-E662-4563-BB42-D36CC371557D} = {3E501773-9796-4A3D-AD11-79952D0CCB08}
		{7F88EF22-FDEF-43E6-AC71-0EA89C32D334} = {23291FD4-7E66-4D60-8D6D-DC638AC41A04}
		{E95E1D34-175A-40C7-BEC8-E451CC366919} = {7F88EF22-FDEF-43E6-AC71-0EA89C32D334}
		{FC84FA46-87AC-4B52-997A-EBBD89393615} = {7F88EF22-FDEF-43E6-AC71-0EA89C32D334}
		{286BFBC4-2225-4FAF-B7AF-BE81D18B4FAB} = {7F88EF22-FDEF-43E6-AC71-0EA89C32D334}
		{A1B10FB2-37EA-4848-AADC-159801AFEB9A} = {7F88EF22-FDEF-43E6-AC71-0EA89C32D334}
		{26B536B4-0EC1-4080-B0FC-9E6E00F29015} = {286BFBC4-2225-4FAF-B7AF-BE81D18B4FAB}
		{0F320F7D-C8EC-472C-BC4C-14DB00824A22} = {A1B10FB2-37EA-4848-AADC-159801AFEB9A}
		{42737096-9981-4F8C-9560-E9866BA20E9A} = {FC84FA46-87AC-4B52-997A-EBBD89393615}
		{DFD36D6B-FC8B-4A63-8EA0-EC2619E13A09} = {23291FD4-7E66-4D60-8D6D-DC638AC41A04}
		{BD808359-312E-4CAD-B1C9-A55AE2D62AE1} = {DFD36D6B-FC8B-4A63-8EA0-EC2619E13A09}
		{8066A5E2-F3A3-4931-B81F-11E94659A68D} = {DFD36D6B-FC8B-4A63-8EA0-EC2619E13A09}
		{76FF7740-2272-4E1D-B24F-FA6C560FF0D9} = {DFD36D6B-FC8B-4A63-8EA0-EC2619E13A09}
		{FFA3AA4F-EE69-4CB9-A509-8B93B193B8AC} = {DFD36D6B-FC8B-4A63-8EA0-EC2619E13A09}
		{BD280A75-E521-45EA-A2AD-CD9D058EECB4} = {E95E1D34-175A-40C7-BEC8-E451CC366919}
		{DC0B9B2B-FE8B-4B7B-B0B6-B201910F464E} = {BD808359-312E-4CAD-B1C9-A55AE2D62AE1}
		{41977A41-0A3B-449D-B2CE-BDE2909792D0} = {8066A5E2-F3A3-4931-B81F-11E94659A68D}
		{757A83B6-06D2-4F83-ADEB-69D27EEB4C79} = {FFA3AA4F-EE69-4CB9-A509-8B93B193B8AC}
		{C6889FC9-1124-4F3A-8339-9B3432CB72C8} = {76FF7740-2272-4E1D-B24F-FA6C560FF0D9}
		{B0609CA2-5D1A-46DA-8C94-D5685E65EC4C} = {287E304F-B381-414B-81E7-1D869BC22F1F}
	EndGlobalSection
	GlobalSection(ExtensibilityGlobals) = postSolution
		SolutionGuid = {F4D36F1A-F9C3-4514-ABAD-1C161F3CCE9D}
	EndGlobalSection
EndGlobal
